
Microsoft Visual Studio Solution File, Format Version 12.00
# Visual Studio Version 17
VisualStudioVersion = 17.0.32112.339
MinimumVisualStudioVersion = 10.0.40219.1
Project("{9A19103F-16F7-4668-BE54-9A1E7A4F7556}") = "reenbitChat.WebApi", "reenbitChat.WebApi\reenbitChat.WebApi.csproj", "{C8F457FE-722D-45E3-A622-ECBE4F5B76BD}"
EndProject
Project("{9A19103F-16F7-4668-BE54-9A1E7A4F7556}") = "reenbitChat.DAL", "reenbitChat.DAL\reenbitChat.DAL.csproj", "{B986BE60-EAA4-4817-91AF-FBDBD00DCD9A}"
EndProject
Project("{9A19103F-16F7-4668-BE54-9A1E7A4F7556}") = "reenbitChat.Common", "reenbitChat.Common\reenbitChat.Common.csproj", "{48A35AFA-21EE-4B96-9775-77B6F73D518C}"
EndProject
Project("{9A19103F-16F7-4668-BE54-9A1E7A4F7556}") = "reenbitChat.BLL", "reenbitChat.BLL\reenbitChat.BLL.csproj", "{E431EC8D-8842-420C-921D-A30CF44DD7EE}"
EndProject
Project("{2150E333-8FDC-42A3-9474-1A3956D46DE8}") = "Solution Items", "Solution Items", "{638907B3-FCF7-47FF-94F3-6E8EABB375C0}"
	ProjectSection(SolutionItems) = preProject
		.editorconfig = .editorconfig
	EndProjectSection
EndProject
Project("{FAE04EC0-301F-11D3-BF4B-00C04F79EFBC}") = "reenbitChat.Domain", "reenbitChat.Domain\reenbitChat.Domain.csproj", "{A36CD13C-CCFF-4DE7-AB7D-41F6178A532B}"
EndProject
Global
	GlobalSection(SolutionConfigurationPlatforms) = preSolution
		Debug|Any CPU = Debug|Any CPU
		Release|Any CPU = Release|Any CPU
	EndGlobalSection
	GlobalSection(ProjectConfigurationPlatforms) = postSolution
		{C8F457FE-722D-45E3-A622-ECBE4F5B76BD}.Debug|Any CPU.ActiveCfg = Debug|Any CPU
		{C8F457FE-722D-45E3-A622-ECBE4F5B76BD}.Debug|Any CPU.Build.0 = Debug|Any CPU
		{C8F457FE-722D-45E3-A622-ECBE4F5B76BD}.Release|Any CPU.ActiveCfg = Release|Any CPU
		{C8F457FE-722D-45E3-A622-ECBE4F5B76BD}.Release|Any CPU.Build.0 = Release|Any CPU
		{B986BE60-EAA4-4817-91AF-FBDBD00DCD9A}.Debug|Any CPU.ActiveCfg = Debug|Any CPU
		{B986BE60-EAA4-4817-91AF-FBDBD00DCD9A}.Debug|Any CPU.Build.0 = Debug|Any CPU
		{B986BE60-EAA4-4817-91AF-FBDBD00DCD9A}.Release|Any CPU.ActiveCfg = Release|Any CPU
		{B986BE60-EAA4-4817-91AF-FBDBD00DCD9A}.Release|Any CPU.Build.0 = Release|Any CPU
		{48A35AFA-21EE-4B96-9775-77B6F73D518C}.Debug|Any CPU.ActiveCfg = Debug|Any CPU
		{48A35AFA-21EE-4B96-9775-77B6F73D518C}.Debug|Any CPU.Build.0 = Debug|Any CPU
		{48A35AFA-21EE-4B96-9775-77B6F73D518C}.Release|Any CPU.ActiveCfg = Release|Any CPU
		{48A35AFA-21EE-4B96-9775-77B6F73D518C}.Release|Any CPU.Build.0 = Release|Any CPU
		{E431EC8D-8842-420C-921D-A30CF44DD7EE}.Debug|Any CPU.ActiveCfg = Debug|Any CPU
		{E431EC8D-8842-420C-921D-A30CF44DD7EE}.Debug|Any CPU.Build.0 = Debug|Any CPU
		{E431EC8D-8842-420C-921D-A30CF44DD7EE}.Release|Any CPU.ActiveCfg = Release|Any CPU
		{E431EC8D-8842-420C-921D-A30CF44DD7EE}.Release|Any CPU.Build.0 = Release|Any CPU
		{A36CD13C-CCFF-4DE7-AB7D-41F6178A532B}.Debug|Any CPU.ActiveCfg = Debug|Any CPU
		{A36CD13C-CCFF-4DE7-AB7D-41F6178A532B}.Debug|Any CPU.Build.0 = Debug|Any CPU
		{A36CD13C-CCFF-4DE7-AB7D-41F6178A532B}.Release|Any CPU.ActiveCfg = Release|Any CPU
		{A36CD13C-CCFF-4DE7-AB7D-41F6178A532B}.Release|Any CPU.Build.0 = Release|Any CPU
	EndGlobalSection
	GlobalSection(SolutionProperties) = preSolution
		HideSolutionNode = FALSE
	EndGlobalSection
	GlobalSection(ExtensibilityGlobals) = postSolution
		SolutionGuid = {A0E6F3B3-1E06-42C9-BCF4-327AAF015AF6}
	EndGlobalSection
EndGlobal
