
Microsoft Visual Studio Solution File, Format Version 12.00
# Visual Studio Version 17
VisualStudioVersion = 17.0.32112.339
MinimumVisualStudioVersion = 10.0.40219.1
Project("{FAE04EC0-301F-11D3-BF4B-00C04F79EFBC}") = "reenbitChat.WebApi", "reenbitChat.WebApi\reenbitChat.WebApi.csproj", "{C8F457FE-722D-45E3-A622-ECBE4F5B76BD}"
EndProject
Global
	GlobalSection(SolutionConfigurationPlatforms) = preSolution
		Debug|Any CPU = Debug|Any CPU
		Release|Any CPU = Release|Any CPU
	EndGlobalSection
	GlobalSection(ProjectConfigurationPlatforms) = postSolution
		{C8F457FE-722D-45E3-A622-ECBE4F5B76BD}.Debug|Any CPU.ActiveCfg = Debug|Any CPU
		{C8F457FE-722D-45E3-A622-ECBE4F5B76BD}.Debug|Any CPU.Build.0 = Debug|Any CPU
		{C8F457FE-722D-45E3-A622-ECBE4F5B76BD}.Release|Any CPU.ActiveCfg = Release|Any CPU
		{C8F457FE-722D-45E3-A622-ECBE4F5B76BD}.Release|Any CPU.Build.0 = Release|Any CPU
	EndGlobalSection
	GlobalSection(SolutionProperties) = preSolution
		HideSolutionNode = FALSE
	EndGlobalSection
	GlobalSection(ExtensibilityGlobals) = postSolution
		SolutionGuid = {A0E6F3B3-1E06-42C9-BCF4-327AAF015AF6}
	EndGlobalSection
EndGlobal
